
Microsoft Visual Studio Solution File, Format Version 12.00
# Visual Studio 2012
Project("{FAE04EC0-301F-11D3-BF4B-00C04F79EFBC}") = "Termeh.Api", "Termeh.Api\Termeh.Api.csproj", "{6CD8F84A-24B6-465B-AD90-65E2EEF9B162}"
EndProject
Project("{FAE04EC0-301F-11D3-BF4B-00C04F79EFBC}") = "Termeh.Web", "Termeh.Web\Termeh.Web.csproj", "{F7ACB6CF-16E7-4A45-A28E-306ABD565FD3}"
EndProject
Project("{FAE04EC0-301F-11D3-BF4B-00C04F79EFBC}") = "Termeh.Api.Test", "Termeh.Api.Test\Termeh.Api.Test.csproj", "{DDDEF804-DB52-4949-BD08-CE622808A188}"
EndProject
Global
	GlobalSection(SolutionConfigurationPlatforms) = preSolution
		Debug|Any CPU = Debug|Any CPU
		Release|Any CPU = Release|Any CPU
	EndGlobalSection
	GlobalSection(ProjectConfigurationPlatforms) = postSolution
		{6CD8F84A-24B6-465B-AD90-65E2EEF9B162}.Debug|Any CPU.ActiveCfg = Debug|Any CPU
		{6CD8F84A-24B6-465B-AD90-65E2EEF9B162}.Debug|Any CPU.Build.0 = Debug|Any CPU
		{6CD8F84A-24B6-465B-AD90-65E2EEF9B162}.Release|Any CPU.ActiveCfg = Release|Any CPU
		{6CD8F84A-24B6-465B-AD90-65E2EEF9B162}.Release|Any CPU.Build.0 = Release|Any CPU
		{F7ACB6CF-16E7-4A45-A28E-306ABD565FD3}.Debug|Any CPU.ActiveCfg = Debug|Any CPU
		{F7ACB6CF-16E7-4A45-A28E-306ABD565FD3}.Debug|Any CPU.Build.0 = Debug|Any CPU
		{F7ACB6CF-16E7-4A45-A28E-306ABD565FD3}.Release|Any CPU.ActiveCfg = Release|Any CPU
		{F7ACB6CF-16E7-4A45-A28E-306ABD565FD3}.Release|Any CPU.Build.0 = Release|Any CPU
		{DDDEF804-DB52-4949-BD08-CE622808A188}.Debug|Any CPU.ActiveCfg = Debug|Any CPU
		{DDDEF804-DB52-4949-BD08-CE622808A188}.Debug|Any CPU.Build.0 = Debug|Any CPU
		{DDDEF804-DB52-4949-BD08-CE622808A188}.Release|Any CPU.ActiveCfg = Release|Any CPU
		{DDDEF804-DB52-4949-BD08-CE622808A188}.Release|Any CPU.Build.0 = Release|Any CPU
	EndGlobalSection
	GlobalSection(SolutionProperties) = preSolution
		HideSolutionNode = FALSE
	EndGlobalSection
EndGlobal
